
Microsoft Visual Studio Solution File, Format Version 12.00
# Visual Studio Version 16
VisualStudioVersion = 16.0.29025.244
MinimumVisualStudioVersion = 10.0.40219.1
Project("{FAE04EC0-301F-11D3-BF4B-00C04F79EFBC}") = "CarInsuranceExercise", "CarInsuranceExercise\CarInsuranceExercise.csproj", "{3A627302-20DC-40DB-A53E-6AB23D59E630}"
EndProject
Global
	GlobalSection(SolutionConfigurationPlatforms) = preSolution
		Debug|Any CPU = Debug|Any CPU
		Release|Any CPU = Release|Any CPU
	EndGlobalSection
	GlobalSection(ProjectConfigurationPlatforms) = postSolution
		{3A627302-20DC-40DB-A53E-6AB23D59E630}.Debug|Any CPU.ActiveCfg = Debug|Any CPU
		{3A627302-20DC-40DB-A53E-6AB23D59E630}.Debug|Any CPU.Build.0 = Debug|Any CPU
		{3A627302-20DC-40DB-A53E-6AB23D59E630}.Release|Any CPU.ActiveCfg = Release|Any CPU
		{3A627302-20DC-40DB-A53E-6AB23D59E630}.Release|Any CPU.Build.0 = Release|Any CPU
	EndGlobalSection
	GlobalSection(SolutionProperties) = preSolution
		HideSolutionNode = FALSE
	EndGlobalSection
	GlobalSection(ExtensibilityGlobals) = postSolution
		SolutionGuid = {E729411A-3645-4880-9639-2BC7A91246E2}
	EndGlobalSection
EndGlobal
